
Microsoft Visual Studio Solution File, Format Version 12.00
# Visual Studio Version 17
VisualStudioVersion = 17.4.33213.308
MinimumVisualStudioVersion = 10.0.40219.1
Project("{9A19103F-16F7-4668-BE54-9A1E7A4F7556}") = "Ylesanne", "Ylesanne\Ylesanne.csproj", "{FF94C517-3E84-48DC-9661-AEEEA6D77BBC}"
EndProject
Project("{9A19103F-16F7-4668-BE54-9A1E7A4F7556}") = "If", "If\If.csproj", "{B5FAEE55-8185-4DCC-8441-078B68C4CE31}"
EndProject
Project("{FAE04EC0-301F-11D3-BF4B-00C04F79EFBC}") = "Switch", "Switch\Switch.csproj", "{87C96EF7-79D7-4254-89C6-4280B8415C49}"
EndProject
Global
	GlobalSection(SolutionConfigurationPlatforms) = preSolution
		Debug|Any CPU = Debug|Any CPU
		Release|Any CPU = Release|Any CPU
	EndGlobalSection
	GlobalSection(ProjectConfigurationPlatforms) = postSolution
		{FF94C517-3E84-48DC-9661-AEEEA6D77BBC}.Debug|Any CPU.ActiveCfg = Debug|Any CPU
		{FF94C517-3E84-48DC-9661-AEEEA6D77BBC}.Debug|Any CPU.Build.0 = Debug|Any CPU
		{FF94C517-3E84-48DC-9661-AEEEA6D77BBC}.Release|Any CPU.ActiveCfg = Release|Any CPU
		{FF94C517-3E84-48DC-9661-AEEEA6D77BBC}.Release|Any CPU.Build.0 = Release|Any CPU
		{B5FAEE55-8185-4DCC-8441-078B68C4CE31}.Debug|Any CPU.ActiveCfg = Debug|Any CPU
		{B5FAEE55-8185-4DCC-8441-078B68C4CE31}.Debug|Any CPU.Build.0 = Debug|Any CPU
		{B5FAEE55-8185-4DCC-8441-078B68C4CE31}.Release|Any CPU.ActiveCfg = Release|Any CPU
		{B5FAEE55-8185-4DCC-8441-078B68C4CE31}.Release|Any CPU.Build.0 = Release|Any CPU
		{87C96EF7-79D7-4254-89C6-4280B8415C49}.Debug|Any CPU.ActiveCfg = Debug|Any CPU
		{87C96EF7-79D7-4254-89C6-4280B8415C49}.Debug|Any CPU.Build.0 = Debug|Any CPU
		{87C96EF7-79D7-4254-89C6-4280B8415C49}.Release|Any CPU.ActiveCfg = Release|Any CPU
		{87C96EF7-79D7-4254-89C6-4280B8415C49}.Release|Any CPU.Build.0 = Release|Any CPU
	EndGlobalSection
	GlobalSection(SolutionProperties) = preSolution
		HideSolutionNode = FALSE
	EndGlobalSection
	GlobalSection(ExtensibilityGlobals) = postSolution
		SolutionGuid = {48626E4A-047C-4BC8-AB89-4F3AC2664A3D}
	EndGlobalSection
EndGlobal
